
Microsoft Visual Studio Solution File, Format Version 12.00
# Visual Studio Version 17
VisualStudioVersion = 17.7.34031.279
MinimumVisualStudioVersion = 10.0.40219.1
Project("{FAE04EC0-301F-11D3-BF4B-00C04F79EFBC}") = "Proyecto_Joseph_Granados", "Proyecto_Joseph_Granados.csproj", "{EAB6EDB1-B904-4702-8B9D-F8D2A6BF7AEA}"
EndProject
Global
	GlobalSection(SolutionConfigurationPlatforms) = preSolution
		Debug|Any CPU = Debug|Any CPU
		Release|Any CPU = Release|Any CPU
	EndGlobalSection
	GlobalSection(ProjectConfigurationPlatforms) = postSolution
		{EAB6EDB1-B904-4702-8B9D-F8D2A6BF7AEA}.Debug|Any CPU.ActiveCfg = Debug|Any CPU
		{EAB6EDB1-B904-4702-8B9D-F8D2A6BF7AEA}.Debug|Any CPU.Build.0 = Debug|Any CPU
		{EAB6EDB1-B904-4702-8B9D-F8D2A6BF7AEA}.Release|Any CPU.ActiveCfg = Release|Any CPU
		{EAB6EDB1-B904-4702-8B9D-F8D2A6BF7AEA}.Release|Any CPU.Build.0 = Release|Any CPU
	EndGlobalSection
	GlobalSection(SolutionProperties) = preSolution
		HideSolutionNode = FALSE
	EndGlobalSection
	GlobalSection(ExtensibilityGlobals) = postSolution
		SolutionGuid = {CCE1BDE6-3CCC-45F0-A078-D36EDFD6483E}
	EndGlobalSection
EndGlobal
