
Microsoft Visual Studio Solution File, Format Version 12.00
# Visual Studio Version 17
VisualStudioVersion = 17.7.34031.279
MinimumVisualStudioVersion = 10.0.40219.1
Project("{FAE04EC0-301F-11D3-BF4B-00C04F79EFBC}") = "Tarea4_Joseph_Granados", "Tarea4_Joseph_Granados.csproj", "{EDBDF774-4873-4291-AE04-65D942F4F919}"
EndProject
Global
	GlobalSection(SolutionConfigurationPlatforms) = preSolution
		Debug|Any CPU = Debug|Any CPU
		Release|Any CPU = Release|Any CPU
	EndGlobalSection
	GlobalSection(ProjectConfigurationPlatforms) = postSolution
		{EDBDF774-4873-4291-AE04-65D942F4F919}.Debug|Any CPU.ActiveCfg = Debug|Any CPU
		{EDBDF774-4873-4291-AE04-65D942F4F919}.Debug|Any CPU.Build.0 = Debug|Any CPU
		{EDBDF774-4873-4291-AE04-65D942F4F919}.Release|Any CPU.ActiveCfg = Release|Any CPU
		{EDBDF774-4873-4291-AE04-65D942F4F919}.Release|Any CPU.Build.0 = Release|Any CPU
	EndGlobalSection
	GlobalSection(SolutionProperties) = preSolution
		HideSolutionNode = FALSE
	EndGlobalSection
	GlobalSection(ExtensibilityGlobals) = postSolution
		SolutionGuid = {DFBA0C0E-06E7-4ECE-BF56-03FAA22EE8B6}
	EndGlobalSection
EndGlobal
